
Microsoft Visual Studio Solution File, Format Version 12.00
# Visual Studio Version 17
VisualStudioVersion = 17.7.34003.232
MinimumVisualStudioVersion = 10.0.40219.1
Project("{9A19103F-16F7-4668-BE54-9A1E7A4F7556}") = "Feladat_00", "Feladat_00\Feladat_00.csproj", "{D45DD727-2D31-471F-BC83-8153F9F2251A}"
EndProject
Project("{9A19103F-16F7-4668-BE54-9A1E7A4F7556}") = "IOLibrary", "IOLibrary\IOLibrary.csproj", "{9ECD4FAE-FFE2-43E3-8769-94905CB5C9AA}"
EndProject
Project("{9A19103F-16F7-4668-BE54-9A1E7A4F7556}") = "Feladat_01", "Feladat_01\Feladat_01.csproj", "{417D27FA-47E3-4C81-8F5A-4BA5E6766C3A}"
EndProject
Project("{9A19103F-16F7-4668-BE54-9A1E7A4F7556}") = "Feladat_001", "Feladat_001\Feladat_001.csproj", "{6634D032-D7B4-4180-8E6F-F3047077FF58}"
EndProject
Project("{9A19103F-16F7-4668-BE54-9A1E7A4F7556}") = "Feladat_02", "Feladat_02\Feladat_02.csproj", "{6637FEB9-A1DC-4CEB-970E-C22AACEDD530}"
EndProject
Project("{9A19103F-16F7-4668-BE54-9A1E7A4F7556}") = "CustomLibrary", "CustomLibrary\CustomLibrary.csproj", "{94160B16-A204-47A9-9E87-3335CDB1E44A}"
EndProject
Project("{9A19103F-16F7-4668-BE54-9A1E7A4F7556}") = "Feladat_07", "Feladat_07\Feladat_07.csproj", "{2687EA0C-66C9-4191-A8FB-7711D6A91685}"
EndProject
Project("{9A19103F-16F7-4668-BE54-9A1E7A4F7556}") = "Feladat_08", "Feladat_08\Feladat_08.csproj", "{9D8298D1-4F1C-4D04-A985-F3E247C4F315}"
EndProject
Project("{9A19103F-16F7-4668-BE54-9A1E7A4F7556}") = "Feladat_09", "Feladat_09\Feladat_09.csproj", "{52FDF974-6EA6-4CD2-87B4-7FE04C2709BA}"
EndProject
Project("{9A19103F-16F7-4668-BE54-9A1E7A4F7556}") = "Feladat_11", "Feladat_11\Feladat_11.csproj", "{5E5197E6-BCF0-4151-BB34-D338736353CC}"
EndProject
Project("{FAE04EC0-301F-11D3-BF4B-00C04F79EFBC}") = "Feladat_06", "Feladat_06\Feladat_06.csproj", "{E876E48E-B8BC-4207-95F4-71638B0E4E49}"
EndProject
Project("{FAE04EC0-301F-11D3-BF4B-00C04F79EFBC}") = "Feladat_007", "Feladat_007\Feladat_007.csproj", "{9F02338A-C471-4430-82F1-C6525677AF09}"
EndProject
Project("{FAE04EC0-301F-11D3-BF4B-00C04F79EFBC}") = "Feladat_008", "Feladat_008\Feladat_008.csproj", "{8335D02E-0475-47BF-A31D-1A341FD69D1D}"
EndProject
Global
	GlobalSection(SolutionConfigurationPlatforms) = preSolution
		Debug|Any CPU = Debug|Any CPU
		Release|Any CPU = Release|Any CPU
	EndGlobalSection
	GlobalSection(ProjectConfigurationPlatforms) = postSolution
		{D45DD727-2D31-471F-BC83-8153F9F2251A}.Debug|Any CPU.ActiveCfg = Debug|Any CPU
		{D45DD727-2D31-471F-BC83-8153F9F2251A}.Debug|Any CPU.Build.0 = Debug|Any CPU
		{D45DD727-2D31-471F-BC83-8153F9F2251A}.Release|Any CPU.ActiveCfg = Release|Any CPU
		{D45DD727-2D31-471F-BC83-8153F9F2251A}.Release|Any CPU.Build.0 = Release|Any CPU
		{9ECD4FAE-FFE2-43E3-8769-94905CB5C9AA}.Debug|Any CPU.ActiveCfg = Debug|Any CPU
		{9ECD4FAE-FFE2-43E3-8769-94905CB5C9AA}.Debug|Any CPU.Build.0 = Debug|Any CPU
		{9ECD4FAE-FFE2-43E3-8769-94905CB5C9AA}.Release|Any CPU.ActiveCfg = Release|Any CPU
		{9ECD4FAE-FFE2-43E3-8769-94905CB5C9AA}.Release|Any CPU.Build.0 = Release|Any CPU
		{417D27FA-47E3-4C81-8F5A-4BA5E6766C3A}.Debug|Any CPU.ActiveCfg = Debug|Any CPU
		{417D27FA-47E3-4C81-8F5A-4BA5E6766C3A}.Debug|Any CPU.Build.0 = Debug|Any CPU
		{417D27FA-47E3-4C81-8F5A-4BA5E6766C3A}.Release|Any CPU.ActiveCfg = Release|Any CPU
		{417D27FA-47E3-4C81-8F5A-4BA5E6766C3A}.Release|Any CPU.Build.0 = Release|Any CPU
		{6634D032-D7B4-4180-8E6F-F3047077FF58}.Debug|Any CPU.ActiveCfg = Debug|Any CPU
		{6634D032-D7B4-4180-8E6F-F3047077FF58}.Debug|Any CPU.Build.0 = Debug|Any CPU
		{6634D032-D7B4-4180-8E6F-F3047077FF58}.Release|Any CPU.ActiveCfg = Release|Any CPU
		{6634D032-D7B4-4180-8E6F-F3047077FF58}.Release|Any CPU.Build.0 = Release|Any CPU
		{6637FEB9-A1DC-4CEB-970E-C22AACEDD530}.Debug|Any CPU.ActiveCfg = Debug|Any CPU
		{6637FEB9-A1DC-4CEB-970E-C22AACEDD530}.Debug|Any CPU.Build.0 = Debug|Any CPU
		{6637FEB9-A1DC-4CEB-970E-C22AACEDD530}.Release|Any CPU.ActiveCfg = Release|Any CPU
		{6637FEB9-A1DC-4CEB-970E-C22AACEDD530}.Release|Any CPU.Build.0 = Release|Any CPU
		{94160B16-A204-47A9-9E87-3335CDB1E44A}.Debug|Any CPU.ActiveCfg = Debug|Any CPU
		{94160B16-A204-47A9-9E87-3335CDB1E44A}.Debug|Any CPU.Build.0 = Debug|Any CPU
		{94160B16-A204-47A9-9E87-3335CDB1E44A}.Release|Any CPU.ActiveCfg = Release|Any CPU
		{94160B16-A204-47A9-9E87-3335CDB1E44A}.Release|Any CPU.Build.0 = Release|Any CPU
		{2687EA0C-66C9-4191-A8FB-7711D6A91685}.Debug|Any CPU.ActiveCfg = Debug|Any CPU
		{2687EA0C-66C9-4191-A8FB-7711D6A91685}.Debug|Any CPU.Build.0 = Debug|Any CPU
		{2687EA0C-66C9-4191-A8FB-7711D6A91685}.Release|Any CPU.ActiveCfg = Release|Any CPU
		{2687EA0C-66C9-4191-A8FB-7711D6A91685}.Release|Any CPU.Build.0 = Release|Any CPU
		{9D8298D1-4F1C-4D04-A985-F3E247C4F315}.Debug|Any CPU.ActiveCfg = Debug|Any CPU
		{9D8298D1-4F1C-4D04-A985-F3E247C4F315}.Debug|Any CPU.Build.0 = Debug|Any CPU
		{9D8298D1-4F1C-4D04-A985-F3E247C4F315}.Release|Any CPU.ActiveCfg = Release|Any CPU
		{9D8298D1-4F1C-4D04-A985-F3E247C4F315}.Release|Any CPU.Build.0 = Release|Any CPU
		{52FDF974-6EA6-4CD2-87B4-7FE04C2709BA}.Debug|Any CPU.ActiveCfg = Debug|Any CPU
		{52FDF974-6EA6-4CD2-87B4-7FE04C2709BA}.Debug|Any CPU.Build.0 = Debug|Any CPU
		{52FDF974-6EA6-4CD2-87B4-7FE04C2709BA}.Release|Any CPU.ActiveCfg = Release|Any CPU
		{52FDF974-6EA6-4CD2-87B4-7FE04C2709BA}.Release|Any CPU.Build.0 = Release|Any CPU
		{5E5197E6-BCF0-4151-BB34-D338736353CC}.Debug|Any CPU.ActiveCfg = Debug|Any CPU
		{5E5197E6-BCF0-4151-BB34-D338736353CC}.Debug|Any CPU.Build.0 = Debug|Any CPU
		{5E5197E6-BCF0-4151-BB34-D338736353CC}.Release|Any CPU.ActiveCfg = Release|Any CPU
		{5E5197E6-BCF0-4151-BB34-D338736353CC}.Release|Any CPU.Build.0 = Release|Any CPU
		{E876E48E-B8BC-4207-95F4-71638B0E4E49}.Debug|Any CPU.ActiveCfg = Debug|Any CPU
		{E876E48E-B8BC-4207-95F4-71638B0E4E49}.Debug|Any CPU.Build.0 = Debug|Any CPU
		{E876E48E-B8BC-4207-95F4-71638B0E4E49}.Release|Any CPU.ActiveCfg = Release|Any CPU
		{E876E48E-B8BC-4207-95F4-71638B0E4E49}.Release|Any CPU.Build.0 = Release|Any CPU
		{9F02338A-C471-4430-82F1-C6525677AF09}.Debug|Any CPU.ActiveCfg = Debug|Any CPU
		{9F02338A-C471-4430-82F1-C6525677AF09}.Debug|Any CPU.Build.0 = Debug|Any CPU
		{9F02338A-C471-4430-82F1-C6525677AF09}.Release|Any CPU.ActiveCfg = Release|Any CPU
		{9F02338A-C471-4430-82F1-C6525677AF09}.Release|Any CPU.Build.0 = Release|Any CPU
		{8335D02E-0475-47BF-A31D-1A341FD69D1D}.Debug|Any CPU.ActiveCfg = Debug|Any CPU
		{8335D02E-0475-47BF-A31D-1A341FD69D1D}.Debug|Any CPU.Build.0 = Debug|Any CPU
		{8335D02E-0475-47BF-A31D-1A341FD69D1D}.Release|Any CPU.ActiveCfg = Release|Any CPU
		{8335D02E-0475-47BF-A31D-1A341FD69D1D}.Release|Any CPU.Build.0 = Release|Any CPU
	EndGlobalSection
	GlobalSection(SolutionProperties) = preSolution
		HideSolutionNode = FALSE
	EndGlobalSection
	GlobalSection(ExtensibilityGlobals) = postSolution
		SolutionGuid = {7050619F-B708-4853-88BE-8D8CD99AC9DB}
	EndGlobalSection
EndGlobal
