
Microsoft Visual Studio Solution File, Format Version 12.00
# Visual Studio Version 17
VisualStudioVersion = 17.7.34003.232
MinimumVisualStudioVersion = 10.0.40219.1
Project("{FAE04EC0-301F-11D3-BF4B-00C04F79EFBC}") = "Feladat_00", "Feladat_00\Feladat_00.csproj", "{D45DD727-2D31-471F-BC83-8153F9F2251A}"
EndProject
Project("{FAE04EC0-301F-11D3-BF4B-00C04F79EFBC}") = "IOLibrary", "IOLibrary\IOLibrary.csproj", "{9ECD4FAE-FFE2-43E3-8769-94905CB5C9AA}"
EndProject
Global
	GlobalSection(SolutionConfigurationPlatforms) = preSolution
		Debug|Any CPU = Debug|Any CPU
		Release|Any CPU = Release|Any CPU
	EndGlobalSection
	GlobalSection(ProjectConfigurationPlatforms) = postSolution
		{D45DD727-2D31-471F-BC83-8153F9F2251A}.Debug|Any CPU.ActiveCfg = Debug|Any CPU
		{D45DD727-2D31-471F-BC83-8153F9F2251A}.Debug|Any CPU.Build.0 = Debug|Any CPU
		{D45DD727-2D31-471F-BC83-8153F9F2251A}.Release|Any CPU.ActiveCfg = Release|Any CPU
		{D45DD727-2D31-471F-BC83-8153F9F2251A}.Release|Any CPU.Build.0 = Release|Any CPU
		{9ECD4FAE-FFE2-43E3-8769-94905CB5C9AA}.Debug|Any CPU.ActiveCfg = Debug|Any CPU
		{9ECD4FAE-FFE2-43E3-8769-94905CB5C9AA}.Debug|Any CPU.Build.0 = Debug|Any CPU
		{9ECD4FAE-FFE2-43E3-8769-94905CB5C9AA}.Release|Any CPU.ActiveCfg = Release|Any CPU
		{9ECD4FAE-FFE2-43E3-8769-94905CB5C9AA}.Release|Any CPU.Build.0 = Release|Any CPU
	EndGlobalSection
	GlobalSection(SolutionProperties) = preSolution
		HideSolutionNode = FALSE
	EndGlobalSection
	GlobalSection(ExtensibilityGlobals) = postSolution
		SolutionGuid = {7050619F-B708-4853-88BE-8D8CD99AC9DB}
	EndGlobalSection
EndGlobal
