
Microsoft Visual Studio Solution File, Format Version 12.00
# Visual Studio Version 17
VisualStudioVersion = 17.9.34622.214
MinimumVisualStudioVersion = 10.0.40219.1
Project("{9A19103F-16F7-4668-BE54-9A1E7A4F7556}") = "01_Constructor", "01_Constructor\01_Constructor.csproj", "{87DA8823-DEB7-4257-8964-0C72137A5BE1}"
EndProject
Project("{9A19103F-16F7-4668-BE54-9A1E7A4F7556}") = "02_Inheritance", "02_Inheritance\02_Inheritance.csproj", "{5F4827F8-013E-4FE9-B630-D2F79EBB1AF2}"
EndProject
Project("{9A19103F-16F7-4668-BE54-9A1E7A4F7556}") = "03_Abstraction", "03_Abstraction\03_Abstraction.csproj", "{0940D519-D3D4-4CD6-9396-742C556A2AA3}"
EndProject
Project("{FAE04EC0-301F-11D3-BF4B-00C04F79EFBC}") = "SMS", "SMS\SMS.csproj", "{C177AA1A-C7AA-4B9A-AF71-B83C5EAA0080}"
EndProject
Global
	GlobalSection(SolutionConfigurationPlatforms) = preSolution
		Debug|Any CPU = Debug|Any CPU
		Release|Any CPU = Release|Any CPU
	EndGlobalSection
	GlobalSection(ProjectConfigurationPlatforms) = postSolution
		{87DA8823-DEB7-4257-8964-0C72137A5BE1}.Debug|Any CPU.ActiveCfg = Debug|Any CPU
		{87DA8823-DEB7-4257-8964-0C72137A5BE1}.Debug|Any CPU.Build.0 = Debug|Any CPU
		{87DA8823-DEB7-4257-8964-0C72137A5BE1}.Release|Any CPU.ActiveCfg = Release|Any CPU
		{87DA8823-DEB7-4257-8964-0C72137A5BE1}.Release|Any CPU.Build.0 = Release|Any CPU
		{5F4827F8-013E-4FE9-B630-D2F79EBB1AF2}.Debug|Any CPU.ActiveCfg = Debug|Any CPU
		{5F4827F8-013E-4FE9-B630-D2F79EBB1AF2}.Debug|Any CPU.Build.0 = Debug|Any CPU
		{5F4827F8-013E-4FE9-B630-D2F79EBB1AF2}.Release|Any CPU.ActiveCfg = Release|Any CPU
		{5F4827F8-013E-4FE9-B630-D2F79EBB1AF2}.Release|Any CPU.Build.0 = Release|Any CPU
		{0940D519-D3D4-4CD6-9396-742C556A2AA3}.Debug|Any CPU.ActiveCfg = Debug|Any CPU
		{0940D519-D3D4-4CD6-9396-742C556A2AA3}.Debug|Any CPU.Build.0 = Debug|Any CPU
		{0940D519-D3D4-4CD6-9396-742C556A2AA3}.Release|Any CPU.ActiveCfg = Release|Any CPU
		{0940D519-D3D4-4CD6-9396-742C556A2AA3}.Release|Any CPU.Build.0 = Release|Any CPU
		{C177AA1A-C7AA-4B9A-AF71-B83C5EAA0080}.Debug|Any CPU.ActiveCfg = Debug|Any CPU
		{C177AA1A-C7AA-4B9A-AF71-B83C5EAA0080}.Debug|Any CPU.Build.0 = Debug|Any CPU
		{C177AA1A-C7AA-4B9A-AF71-B83C5EAA0080}.Release|Any CPU.ActiveCfg = Release|Any CPU
		{C177AA1A-C7AA-4B9A-AF71-B83C5EAA0080}.Release|Any CPU.Build.0 = Release|Any CPU
	EndGlobalSection
	GlobalSection(SolutionProperties) = preSolution
		HideSolutionNode = FALSE
	EndGlobalSection
	GlobalSection(ExtensibilityGlobals) = postSolution
		SolutionGuid = {D72CA111-E229-4868-A488-8878085CF2D1}
	EndGlobalSection
EndGlobal
