
Microsoft Visual Studio Solution File, Format Version 12.00
# Visual Studio Version 17
VisualStudioVersion = 17.9.34622.214
MinimumVisualStudioVersion = 10.0.40219.1
Project("{9A19103F-16F7-4668-BE54-9A1E7A4F7556}") = "01_Constructor", "01_Constructor\01_Constructor.csproj", "{87DA8823-DEB7-4257-8964-0C72137A5BE1}"
EndProject
Project("{9A19103F-16F7-4668-BE54-9A1E7A4F7556}") = "02_Inheritance", "02_Inheritance\02_Inheritance.csproj", "{5F4827F8-013E-4FE9-B630-D2F79EBB1AF2}"
EndProject
Project("{9A19103F-16F7-4668-BE54-9A1E7A4F7556}") = "03_Abstraction", "03_Abstraction\03_Abstraction.csproj", "{0940D519-D3D4-4CD6-9396-742C556A2AA3}"
EndProject
Project("{9A19103F-16F7-4668-BE54-9A1E7A4F7556}") = "SMS", "SMS\SMS.csproj", "{C177AA1A-C7AA-4B9A-AF71-B83C5EAA0080}"
EndProject
Project("{9A19103F-16F7-4668-BE54-9A1E7A4F7556}") = "04_Interfaces", "04_Interfaces\04_Interfaces.csproj", "{C82D63C7-79AF-4391-A437-D72463A60BB5}"
EndProject
Project("{9A19103F-16F7-4668-BE54-9A1E7A4F7556}") = "05_Static_Class", "05_Static_Class\05_Static_Class.csproj", "{4BDF14BB-9F0D-40E4-B422-21913981B22B}"
EndProject
Project("{FAE04EC0-301F-11D3-BF4B-00C04F79EFBC}") = "11_Superheroes", "11_Superheroes\11_Superheroes.csproj", "{AB73537D-A6DB-469B-9FFA-DCB3C88AEF5F}"
EndProject
Project("{FAE04EC0-301F-11D3-BF4B-00C04F79EFBC}") = "12_Airplane", "12_Airplane\12_Airplane.csproj", "{F1AB63E2-1F49-483B-839A-9989E34EE6A5}"
EndProject
Global
	GlobalSection(SolutionConfigurationPlatforms) = preSolution
		Debug|Any CPU = Debug|Any CPU
		Release|Any CPU = Release|Any CPU
	EndGlobalSection
	GlobalSection(ProjectConfigurationPlatforms) = postSolution
		{87DA8823-DEB7-4257-8964-0C72137A5BE1}.Debug|Any CPU.ActiveCfg = Debug|Any CPU
		{87DA8823-DEB7-4257-8964-0C72137A5BE1}.Debug|Any CPU.Build.0 = Debug|Any CPU
		{87DA8823-DEB7-4257-8964-0C72137A5BE1}.Release|Any CPU.ActiveCfg = Release|Any CPU
		{87DA8823-DEB7-4257-8964-0C72137A5BE1}.Release|Any CPU.Build.0 = Release|Any CPU
		{5F4827F8-013E-4FE9-B630-D2F79EBB1AF2}.Debug|Any CPU.ActiveCfg = Debug|Any CPU
		{5F4827F8-013E-4FE9-B630-D2F79EBB1AF2}.Debug|Any CPU.Build.0 = Debug|Any CPU
		{5F4827F8-013E-4FE9-B630-D2F79EBB1AF2}.Release|Any CPU.ActiveCfg = Release|Any CPU
		{5F4827F8-013E-4FE9-B630-D2F79EBB1AF2}.Release|Any CPU.Build.0 = Release|Any CPU
		{0940D519-D3D4-4CD6-9396-742C556A2AA3}.Debug|Any CPU.ActiveCfg = Debug|Any CPU
		{0940D519-D3D4-4CD6-9396-742C556A2AA3}.Debug|Any CPU.Build.0 = Debug|Any CPU
		{0940D519-D3D4-4CD6-9396-742C556A2AA3}.Release|Any CPU.ActiveCfg = Release|Any CPU
		{0940D519-D3D4-4CD6-9396-742C556A2AA3}.Release|Any CPU.Build.0 = Release|Any CPU
		{C177AA1A-C7AA-4B9A-AF71-B83C5EAA0080}.Debug|Any CPU.ActiveCfg = Debug|Any CPU
		{C177AA1A-C7AA-4B9A-AF71-B83C5EAA0080}.Debug|Any CPU.Build.0 = Debug|Any CPU
		{C177AA1A-C7AA-4B9A-AF71-B83C5EAA0080}.Release|Any CPU.ActiveCfg = Release|Any CPU
		{C177AA1A-C7AA-4B9A-AF71-B83C5EAA0080}.Release|Any CPU.Build.0 = Release|Any CPU
		{C82D63C7-79AF-4391-A437-D72463A60BB5}.Debug|Any CPU.ActiveCfg = Debug|Any CPU
		{C82D63C7-79AF-4391-A437-D72463A60BB5}.Debug|Any CPU.Build.0 = Debug|Any CPU
		{C82D63C7-79AF-4391-A437-D72463A60BB5}.Release|Any CPU.ActiveCfg = Release|Any CPU
		{C82D63C7-79AF-4391-A437-D72463A60BB5}.Release|Any CPU.Build.0 = Release|Any CPU
		{4BDF14BB-9F0D-40E4-B422-21913981B22B}.Debug|Any CPU.ActiveCfg = Debug|Any CPU
		{4BDF14BB-9F0D-40E4-B422-21913981B22B}.Debug|Any CPU.Build.0 = Debug|Any CPU
		{4BDF14BB-9F0D-40E4-B422-21913981B22B}.Release|Any CPU.ActiveCfg = Release|Any CPU
		{4BDF14BB-9F0D-40E4-B422-21913981B22B}.Release|Any CPU.Build.0 = Release|Any CPU
		{AB73537D-A6DB-469B-9FFA-DCB3C88AEF5F}.Debug|Any CPU.ActiveCfg = Debug|Any CPU
		{AB73537D-A6DB-469B-9FFA-DCB3C88AEF5F}.Debug|Any CPU.Build.0 = Debug|Any CPU
		{AB73537D-A6DB-469B-9FFA-DCB3C88AEF5F}.Release|Any CPU.ActiveCfg = Release|Any CPU
		{AB73537D-A6DB-469B-9FFA-DCB3C88AEF5F}.Release|Any CPU.Build.0 = Release|Any CPU
		{F1AB63E2-1F49-483B-839A-9989E34EE6A5}.Debug|Any CPU.ActiveCfg = Debug|Any CPU
		{F1AB63E2-1F49-483B-839A-9989E34EE6A5}.Debug|Any CPU.Build.0 = Debug|Any CPU
		{F1AB63E2-1F49-483B-839A-9989E34EE6A5}.Release|Any CPU.ActiveCfg = Release|Any CPU
		{F1AB63E2-1F49-483B-839A-9989E34EE6A5}.Release|Any CPU.Build.0 = Release|Any CPU
	EndGlobalSection
	GlobalSection(SolutionProperties) = preSolution
		HideSolutionNode = FALSE
	EndGlobalSection
	GlobalSection(ExtensibilityGlobals) = postSolution
		SolutionGuid = {D72CA111-E229-4868-A488-8878085CF2D1}
	EndGlobalSection
EndGlobal
