
Microsoft Visual Studio Solution File, Format Version 12.00
# Visual Studio Version 17
VisualStudioVersion = 17.8.34309.116
MinimumVisualStudioVersion = 10.0.40219.1
Project("{9A19103F-16F7-4668-BE54-9A1E7A4F7556}") = "00_Dictionary", "00_Dictionary\00_Dictionary.csproj", "{632EF53C-EAAD-4417-B36C-82EBD0DB9B06}"
EndProject
Project("{9A19103F-16F7-4668-BE54-9A1E7A4F7556}") = "01_FileRead", "01_FileRead\01_FileRead.csproj", "{D9664C4F-F8D1-4DAA-9B5D-2F52E7171F9A}"
EndProject
Project("{9A19103F-16F7-4668-BE54-9A1E7A4F7556}") = "02_FileRead", "02_FileRead\02_FileRead.csproj", "{60F832A2-9CA5-4A61-B16D-50E64A4DD621}"
EndProject
Project("{9A19103F-16F7-4668-BE54-9A1E7A4F7556}") = "03_FIleRead", "03_FIleRead\03_FIleRead.csproj", "{790BEB63-EA0B-432B-8D25-8582CE120EC9}"
EndProject
Project("{9A19103F-16F7-4668-BE54-9A1E7A4F7556}") = "04_FileRead", "04_FileRead\04_FileRead.csproj", "{EC72FD23-DC69-4B39-AFDB-1C83F645CE11}"
EndProject
Project("{9A19103F-16F7-4668-BE54-9A1E7A4F7556}") = "05_FileRead", "05_FileRead\05_FileRead.csproj", "{6DB1DD82-399A-4122-A80A-DCA3497EC39B}"
EndProject
Project("{9A19103F-16F7-4668-BE54-9A1E7A4F7556}") = "Custom.Library", "Custom.Library\Custom.Library.csproj", "{CB20A20B-54AC-4291-99AF-93DEABBBAD5D}"
EndProject
Project("{FAE04EC0-301F-11D3-BF4B-00C04F79EFBC}") = "06_FileRead", "06_FileRead\06_FileRead.csproj", "{EEB6860C-58E7-4526-A65C-A34BA470D7D8}"
EndProject
Global
	GlobalSection(SolutionConfigurationPlatforms) = preSolution
		Debug|Any CPU = Debug|Any CPU
		Release|Any CPU = Release|Any CPU
	EndGlobalSection
	GlobalSection(ProjectConfigurationPlatforms) = postSolution
		{632EF53C-EAAD-4417-B36C-82EBD0DB9B06}.Debug|Any CPU.ActiveCfg = Debug|Any CPU
		{632EF53C-EAAD-4417-B36C-82EBD0DB9B06}.Debug|Any CPU.Build.0 = Debug|Any CPU
		{632EF53C-EAAD-4417-B36C-82EBD0DB9B06}.Release|Any CPU.ActiveCfg = Release|Any CPU
		{632EF53C-EAAD-4417-B36C-82EBD0DB9B06}.Release|Any CPU.Build.0 = Release|Any CPU
		{D9664C4F-F8D1-4DAA-9B5D-2F52E7171F9A}.Debug|Any CPU.ActiveCfg = Debug|Any CPU
		{D9664C4F-F8D1-4DAA-9B5D-2F52E7171F9A}.Debug|Any CPU.Build.0 = Debug|Any CPU
		{D9664C4F-F8D1-4DAA-9B5D-2F52E7171F9A}.Release|Any CPU.ActiveCfg = Release|Any CPU
		{D9664C4F-F8D1-4DAA-9B5D-2F52E7171F9A}.Release|Any CPU.Build.0 = Release|Any CPU
		{60F832A2-9CA5-4A61-B16D-50E64A4DD621}.Debug|Any CPU.ActiveCfg = Debug|Any CPU
		{60F832A2-9CA5-4A61-B16D-50E64A4DD621}.Debug|Any CPU.Build.0 = Debug|Any CPU
		{60F832A2-9CA5-4A61-B16D-50E64A4DD621}.Release|Any CPU.ActiveCfg = Release|Any CPU
		{60F832A2-9CA5-4A61-B16D-50E64A4DD621}.Release|Any CPU.Build.0 = Release|Any CPU
		{790BEB63-EA0B-432B-8D25-8582CE120EC9}.Debug|Any CPU.ActiveCfg = Debug|Any CPU
		{790BEB63-EA0B-432B-8D25-8582CE120EC9}.Debug|Any CPU.Build.0 = Debug|Any CPU
		{790BEB63-EA0B-432B-8D25-8582CE120EC9}.Release|Any CPU.ActiveCfg = Release|Any CPU
		{790BEB63-EA0B-432B-8D25-8582CE120EC9}.Release|Any CPU.Build.0 = Release|Any CPU
		{EC72FD23-DC69-4B39-AFDB-1C83F645CE11}.Debug|Any CPU.ActiveCfg = Debug|Any CPU
		{EC72FD23-DC69-4B39-AFDB-1C83F645CE11}.Debug|Any CPU.Build.0 = Debug|Any CPU
		{EC72FD23-DC69-4B39-AFDB-1C83F645CE11}.Release|Any CPU.ActiveCfg = Release|Any CPU
		{EC72FD23-DC69-4B39-AFDB-1C83F645CE11}.Release|Any CPU.Build.0 = Release|Any CPU
		{6DB1DD82-399A-4122-A80A-DCA3497EC39B}.Debug|Any CPU.ActiveCfg = Debug|Any CPU
		{6DB1DD82-399A-4122-A80A-DCA3497EC39B}.Debug|Any CPU.Build.0 = Debug|Any CPU
		{6DB1DD82-399A-4122-A80A-DCA3497EC39B}.Release|Any CPU.ActiveCfg = Release|Any CPU
		{6DB1DD82-399A-4122-A80A-DCA3497EC39B}.Release|Any CPU.Build.0 = Release|Any CPU
		{CB20A20B-54AC-4291-99AF-93DEABBBAD5D}.Debug|Any CPU.ActiveCfg = Debug|Any CPU
		{CB20A20B-54AC-4291-99AF-93DEABBBAD5D}.Debug|Any CPU.Build.0 = Debug|Any CPU
		{CB20A20B-54AC-4291-99AF-93DEABBBAD5D}.Release|Any CPU.ActiveCfg = Release|Any CPU
		{CB20A20B-54AC-4291-99AF-93DEABBBAD5D}.Release|Any CPU.Build.0 = Release|Any CPU
		{EEB6860C-58E7-4526-A65C-A34BA470D7D8}.Debug|Any CPU.ActiveCfg = Debug|Any CPU
		{EEB6860C-58E7-4526-A65C-A34BA470D7D8}.Debug|Any CPU.Build.0 = Debug|Any CPU
		{EEB6860C-58E7-4526-A65C-A34BA470D7D8}.Release|Any CPU.ActiveCfg = Release|Any CPU
		{EEB6860C-58E7-4526-A65C-A34BA470D7D8}.Release|Any CPU.Build.0 = Release|Any CPU
	EndGlobalSection
	GlobalSection(SolutionProperties) = preSolution
		HideSolutionNode = FALSE
	EndGlobalSection
	GlobalSection(ExtensibilityGlobals) = postSolution
		SolutionGuid = {BB654D81-0855-489F-B6BA-DFB5AC0067A4}
	EndGlobalSection
EndGlobal
