
Microsoft Visual Studio Solution File, Format Version 12.00
# Visual Studio Version 17
VisualStudioVersion = 17.7.34003.232
MinimumVisualStudioVersion = 10.0.40219.1
Project("{9A19103F-16F7-4668-BE54-9A1E7A4F7556}") = "Feladat_01", "Feladat_01\Feladat_01.csproj", "{FC7D4CBF-C8BB-4DE8-885E-45BB6BF2BD51}"
EndProject
Project("{9A19103F-16F7-4668-BE54-9A1E7A4F7556}") = "Feladat_02", "Feladat_02\Feladat_02.csproj", "{6947C26C-09E3-4D83-B821-51A2E1F5FB03}"
EndProject
Project("{9A19103F-16F7-4668-BE54-9A1E7A4F7556}") = "Feladat_03", "Feladat_03\Feladat_03.csproj", "{09D58809-79EC-45E7-A714-A42B6E719B5A}"
EndProject
Project("{9A19103F-16F7-4668-BE54-9A1E7A4F7556}") = "Feladat_04", "Feladat_04\Feladat_04.csproj", "{97BD8B5A-78BE-464C-8617-613FB2E344BF}"
EndProject
Project("{9A19103F-16F7-4668-BE54-9A1E7A4F7556}") = "Feladat_05", "Feladat_05\Feladat_05.csproj", "{184A1B9C-B211-46E7-8118-40822C1F9FC5}"
EndProject
Project("{9A19103F-16F7-4668-BE54-9A1E7A4F7556}") = "Feladat_06", "Feladat_06\Feladat_06.csproj", "{D1B820A8-AE19-4BFB-8F2C-F81FEA127101}"
EndProject
Project("{9A19103F-16F7-4668-BE54-9A1E7A4F7556}") = "Feladat_07", "Feladat_07\Feladat_07.csproj", "{553FB2B6-0791-48D6-A871-B44BBFAE0FEC}"
EndProject
Project("{9A19103F-16F7-4668-BE54-9A1E7A4F7556}") = "Feladat_08", "Feladat_08\Feladat_08.csproj", "{8D9D6D59-220B-405D-B133-FE4818EC6B2D}"
EndProject
Project("{9A19103F-16F7-4668-BE54-9A1E7A4F7556}") = "Feladat_09", "Feladat_09\Feladat_09.csproj", "{86E71013-8C0C-4228-B4F2-AC3235CDDD77}"
EndProject
Project("{9A19103F-16F7-4668-BE54-9A1E7A4F7556}") = "Feladat_10", "Feladat_10\Feladat_10.csproj", "{EE6B1690-E73B-4EE6-8C58-EEC71E768FB5}"
EndProject
Project("{9A19103F-16F7-4668-BE54-9A1E7A4F7556}") = "Feladat_11", "Feladat_11\Feladat_11.csproj", "{CC37056F-939B-450D-847E-68D9CDA2CC19}"
EndProject
Project("{9A19103F-16F7-4668-BE54-9A1E7A4F7556}") = "Feladat_12", "Feladat_12\Feladat_12.csproj", "{E6C89093-1DFB-4A2F-B413-2A36A38B57E6}"
EndProject
Project("{9A19103F-16F7-4668-BE54-9A1E7A4F7556}") = "Feladat_13", "Feladat_13\Feladat_13.csproj", "{291BB8DF-019B-48A8-9B4F-A8F8B719A72A}"
EndProject
Project("{9A19103F-16F7-4668-BE54-9A1E7A4F7556}") = "Feladat_14", "Feladat_14\Feladat_14.csproj", "{9E5A0286-F7C7-40A6-9780-AECE5A5C13DD}"
EndProject
Project("{9A19103F-16F7-4668-BE54-9A1E7A4F7556}") = "Feladat_15", "Feladat_15\Feladat_15.csproj", "{D08D5CF5-210C-472F-9D3C-6EDC1D9299FC}"
EndProject
Project("{9A19103F-16F7-4668-BE54-9A1E7A4F7556}") = "Feladat_16", "Feladat_16\Feladat_16.csproj", "{56BB7DD4-7039-44B2-A9B1-1865A9C6BF88}"
EndProject
Project("{9A19103F-16F7-4668-BE54-9A1E7A4F7556}") = "Feladat_17", "Feladat_17\Feladat_17.csproj", "{0E9DDD3E-3D24-4B83-A198-960DA50F47BE}"
EndProject
Project("{9A19103F-16F7-4668-BE54-9A1E7A4F7556}") = "Feladat_18", "Feladat_18\Feladat_18.csproj", "{B7285B87-F907-4603-A263-B5D32AAEB796}"
EndProject
Project("{9A19103F-16F7-4668-BE54-9A1E7A4F7556}") = "szampiramis_recursive", "szampiramis_recursive\szampiramis_recursive.csproj", "{8C94880B-6F8E-4788-9E68-2D697AEB7B59}"
EndProject
Project("{2150E333-8FDC-42A3-9474-1A3956D46DE8}") = "ikt_project", "ikt_project", "{7BB9D0C6-7DAC-4970-939D-EC78E30F8EAF}"
EndProject
Project("{FAE04EC0-301F-11D3-BF4B-00C04F79EFBC}") = "Szampiramis_01", "szampiramis_01\Szampiramis_01.csproj", "{0B181E10-70A4-4503-BF19-F0D827B72D13}"
EndProject
Project("{FAE04EC0-301F-11D3-BF4B-00C04F79EFBC}") = "Szampiramis_02", "Szampiramis_02\Szampiramis_02.csproj", "{30E69B86-BE0A-44B9-B223-0AFEA883BF68}"
EndProject
Project("{FAE04EC0-301F-11D3-BF4B-00C04F79EFBC}") = "Szampiramis_03", "Szampiramis_03\Szampiramis_03.csproj", "{2BCA3505-F708-4AF3-90A0-77F68A83FBD6}"
EndProject
Project("{FAE04EC0-301F-11D3-BF4B-00C04F79EFBC}") = "Szampiramis_04", "Szampiramis_04\Szampiramis_04.csproj", "{43D978A0-F580-4FBB-9902-D4837EE7B9FD}"
EndProject
Global
	GlobalSection(SolutionConfigurationPlatforms) = preSolution
		Debug|Any CPU = Debug|Any CPU
		Release|Any CPU = Release|Any CPU
	EndGlobalSection
	GlobalSection(ProjectConfigurationPlatforms) = postSolution
		{FC7D4CBF-C8BB-4DE8-885E-45BB6BF2BD51}.Debug|Any CPU.ActiveCfg = Debug|Any CPU
		{FC7D4CBF-C8BB-4DE8-885E-45BB6BF2BD51}.Debug|Any CPU.Build.0 = Debug|Any CPU
		{FC7D4CBF-C8BB-4DE8-885E-45BB6BF2BD51}.Release|Any CPU.ActiveCfg = Release|Any CPU
		{FC7D4CBF-C8BB-4DE8-885E-45BB6BF2BD51}.Release|Any CPU.Build.0 = Release|Any CPU
		{6947C26C-09E3-4D83-B821-51A2E1F5FB03}.Debug|Any CPU.ActiveCfg = Debug|Any CPU
		{6947C26C-09E3-4D83-B821-51A2E1F5FB03}.Debug|Any CPU.Build.0 = Debug|Any CPU
		{6947C26C-09E3-4D83-B821-51A2E1F5FB03}.Release|Any CPU.ActiveCfg = Release|Any CPU
		{6947C26C-09E3-4D83-B821-51A2E1F5FB03}.Release|Any CPU.Build.0 = Release|Any CPU
		{09D58809-79EC-45E7-A714-A42B6E719B5A}.Debug|Any CPU.ActiveCfg = Debug|Any CPU
		{09D58809-79EC-45E7-A714-A42B6E719B5A}.Debug|Any CPU.Build.0 = Debug|Any CPU
		{09D58809-79EC-45E7-A714-A42B6E719B5A}.Release|Any CPU.ActiveCfg = Release|Any CPU
		{09D58809-79EC-45E7-A714-A42B6E719B5A}.Release|Any CPU.Build.0 = Release|Any CPU
		{97BD8B5A-78BE-464C-8617-613FB2E344BF}.Debug|Any CPU.ActiveCfg = Debug|Any CPU
		{97BD8B5A-78BE-464C-8617-613FB2E344BF}.Debug|Any CPU.Build.0 = Debug|Any CPU
		{97BD8B5A-78BE-464C-8617-613FB2E344BF}.Release|Any CPU.ActiveCfg = Release|Any CPU
		{97BD8B5A-78BE-464C-8617-613FB2E344BF}.Release|Any CPU.Build.0 = Release|Any CPU
		{184A1B9C-B211-46E7-8118-40822C1F9FC5}.Debug|Any CPU.ActiveCfg = Debug|Any CPU
		{184A1B9C-B211-46E7-8118-40822C1F9FC5}.Debug|Any CPU.Build.0 = Debug|Any CPU
		{184A1B9C-B211-46E7-8118-40822C1F9FC5}.Release|Any CPU.ActiveCfg = Release|Any CPU
		{184A1B9C-B211-46E7-8118-40822C1F9FC5}.Release|Any CPU.Build.0 = Release|Any CPU
		{D1B820A8-AE19-4BFB-8F2C-F81FEA127101}.Debug|Any CPU.ActiveCfg = Debug|Any CPU
		{D1B820A8-AE19-4BFB-8F2C-F81FEA127101}.Debug|Any CPU.Build.0 = Debug|Any CPU
		{D1B820A8-AE19-4BFB-8F2C-F81FEA127101}.Release|Any CPU.ActiveCfg = Release|Any CPU
		{D1B820A8-AE19-4BFB-8F2C-F81FEA127101}.Release|Any CPU.Build.0 = Release|Any CPU
		{553FB2B6-0791-48D6-A871-B44BBFAE0FEC}.Debug|Any CPU.ActiveCfg = Debug|Any CPU
		{553FB2B6-0791-48D6-A871-B44BBFAE0FEC}.Debug|Any CPU.Build.0 = Debug|Any CPU
		{553FB2B6-0791-48D6-A871-B44BBFAE0FEC}.Release|Any CPU.ActiveCfg = Release|Any CPU
		{553FB2B6-0791-48D6-A871-B44BBFAE0FEC}.Release|Any CPU.Build.0 = Release|Any CPU
		{8D9D6D59-220B-405D-B133-FE4818EC6B2D}.Debug|Any CPU.ActiveCfg = Debug|Any CPU
		{8D9D6D59-220B-405D-B133-FE4818EC6B2D}.Debug|Any CPU.Build.0 = Debug|Any CPU
		{8D9D6D59-220B-405D-B133-FE4818EC6B2D}.Release|Any CPU.ActiveCfg = Release|Any CPU
		{8D9D6D59-220B-405D-B133-FE4818EC6B2D}.Release|Any CPU.Build.0 = Release|Any CPU
		{86E71013-8C0C-4228-B4F2-AC3235CDDD77}.Debug|Any CPU.ActiveCfg = Debug|Any CPU
		{86E71013-8C0C-4228-B4F2-AC3235CDDD77}.Debug|Any CPU.Build.0 = Debug|Any CPU
		{86E71013-8C0C-4228-B4F2-AC3235CDDD77}.Release|Any CPU.ActiveCfg = Release|Any CPU
		{86E71013-8C0C-4228-B4F2-AC3235CDDD77}.Release|Any CPU.Build.0 = Release|Any CPU
		{EE6B1690-E73B-4EE6-8C58-EEC71E768FB5}.Debug|Any CPU.ActiveCfg = Debug|Any CPU
		{EE6B1690-E73B-4EE6-8C58-EEC71E768FB5}.Debug|Any CPU.Build.0 = Debug|Any CPU
		{EE6B1690-E73B-4EE6-8C58-EEC71E768FB5}.Release|Any CPU.ActiveCfg = Release|Any CPU
		{EE6B1690-E73B-4EE6-8C58-EEC71E768FB5}.Release|Any CPU.Build.0 = Release|Any CPU
		{CC37056F-939B-450D-847E-68D9CDA2CC19}.Debug|Any CPU.ActiveCfg = Debug|Any CPU
		{CC37056F-939B-450D-847E-68D9CDA2CC19}.Debug|Any CPU.Build.0 = Debug|Any CPU
		{CC37056F-939B-450D-847E-68D9CDA2CC19}.Release|Any CPU.ActiveCfg = Release|Any CPU
		{CC37056F-939B-450D-847E-68D9CDA2CC19}.Release|Any CPU.Build.0 = Release|Any CPU
		{E6C89093-1DFB-4A2F-B413-2A36A38B57E6}.Debug|Any CPU.ActiveCfg = Debug|Any CPU
		{E6C89093-1DFB-4A2F-B413-2A36A38B57E6}.Debug|Any CPU.Build.0 = Debug|Any CPU
		{E6C89093-1DFB-4A2F-B413-2A36A38B57E6}.Release|Any CPU.ActiveCfg = Release|Any CPU
		{E6C89093-1DFB-4A2F-B413-2A36A38B57E6}.Release|Any CPU.Build.0 = Release|Any CPU
		{291BB8DF-019B-48A8-9B4F-A8F8B719A72A}.Debug|Any CPU.ActiveCfg = Debug|Any CPU
		{291BB8DF-019B-48A8-9B4F-A8F8B719A72A}.Debug|Any CPU.Build.0 = Debug|Any CPU
		{291BB8DF-019B-48A8-9B4F-A8F8B719A72A}.Release|Any CPU.ActiveCfg = Release|Any CPU
		{291BB8DF-019B-48A8-9B4F-A8F8B719A72A}.Release|Any CPU.Build.0 = Release|Any CPU
		{9E5A0286-F7C7-40A6-9780-AECE5A5C13DD}.Debug|Any CPU.ActiveCfg = Debug|Any CPU
		{9E5A0286-F7C7-40A6-9780-AECE5A5C13DD}.Debug|Any CPU.Build.0 = Debug|Any CPU
		{9E5A0286-F7C7-40A6-9780-AECE5A5C13DD}.Release|Any CPU.ActiveCfg = Release|Any CPU
		{9E5A0286-F7C7-40A6-9780-AECE5A5C13DD}.Release|Any CPU.Build.0 = Release|Any CPU
		{D08D5CF5-210C-472F-9D3C-6EDC1D9299FC}.Debug|Any CPU.ActiveCfg = Debug|Any CPU
		{D08D5CF5-210C-472F-9D3C-6EDC1D9299FC}.Debug|Any CPU.Build.0 = Debug|Any CPU
		{D08D5CF5-210C-472F-9D3C-6EDC1D9299FC}.Release|Any CPU.ActiveCfg = Release|Any CPU
		{D08D5CF5-210C-472F-9D3C-6EDC1D9299FC}.Release|Any CPU.Build.0 = Release|Any CPU
		{56BB7DD4-7039-44B2-A9B1-1865A9C6BF88}.Debug|Any CPU.ActiveCfg = Debug|Any CPU
		{56BB7DD4-7039-44B2-A9B1-1865A9C6BF88}.Debug|Any CPU.Build.0 = Debug|Any CPU
		{56BB7DD4-7039-44B2-A9B1-1865A9C6BF88}.Release|Any CPU.ActiveCfg = Release|Any CPU
		{56BB7DD4-7039-44B2-A9B1-1865A9C6BF88}.Release|Any CPU.Build.0 = Release|Any CPU
		{0E9DDD3E-3D24-4B83-A198-960DA50F47BE}.Debug|Any CPU.ActiveCfg = Debug|Any CPU
		{0E9DDD3E-3D24-4B83-A198-960DA50F47BE}.Debug|Any CPU.Build.0 = Debug|Any CPU
		{0E9DDD3E-3D24-4B83-A198-960DA50F47BE}.Release|Any CPU.ActiveCfg = Release|Any CPU
		{0E9DDD3E-3D24-4B83-A198-960DA50F47BE}.Release|Any CPU.Build.0 = Release|Any CPU
		{B7285B87-F907-4603-A263-B5D32AAEB796}.Debug|Any CPU.ActiveCfg = Debug|Any CPU
		{B7285B87-F907-4603-A263-B5D32AAEB796}.Debug|Any CPU.Build.0 = Debug|Any CPU
		{B7285B87-F907-4603-A263-B5D32AAEB796}.Release|Any CPU.ActiveCfg = Release|Any CPU
		{B7285B87-F907-4603-A263-B5D32AAEB796}.Release|Any CPU.Build.0 = Release|Any CPU
		{8C94880B-6F8E-4788-9E68-2D697AEB7B59}.Debug|Any CPU.ActiveCfg = Debug|Any CPU
		{8C94880B-6F8E-4788-9E68-2D697AEB7B59}.Debug|Any CPU.Build.0 = Debug|Any CPU
		{8C94880B-6F8E-4788-9E68-2D697AEB7B59}.Release|Any CPU.ActiveCfg = Release|Any CPU
		{8C94880B-6F8E-4788-9E68-2D697AEB7B59}.Release|Any CPU.Build.0 = Release|Any CPU
		{0B181E10-70A4-4503-BF19-F0D827B72D13}.Debug|Any CPU.ActiveCfg = Debug|Any CPU
		{0B181E10-70A4-4503-BF19-F0D827B72D13}.Debug|Any CPU.Build.0 = Debug|Any CPU
		{0B181E10-70A4-4503-BF19-F0D827B72D13}.Release|Any CPU.ActiveCfg = Release|Any CPU
		{0B181E10-70A4-4503-BF19-F0D827B72D13}.Release|Any CPU.Build.0 = Release|Any CPU
		{30E69B86-BE0A-44B9-B223-0AFEA883BF68}.Debug|Any CPU.ActiveCfg = Debug|Any CPU
		{30E69B86-BE0A-44B9-B223-0AFEA883BF68}.Debug|Any CPU.Build.0 = Debug|Any CPU
		{30E69B86-BE0A-44B9-B223-0AFEA883BF68}.Release|Any CPU.ActiveCfg = Release|Any CPU
		{30E69B86-BE0A-44B9-B223-0AFEA883BF68}.Release|Any CPU.Build.0 = Release|Any CPU
		{2BCA3505-F708-4AF3-90A0-77F68A83FBD6}.Debug|Any CPU.ActiveCfg = Debug|Any CPU
		{2BCA3505-F708-4AF3-90A0-77F68A83FBD6}.Debug|Any CPU.Build.0 = Debug|Any CPU
		{2BCA3505-F708-4AF3-90A0-77F68A83FBD6}.Release|Any CPU.ActiveCfg = Release|Any CPU
		{2BCA3505-F708-4AF3-90A0-77F68A83FBD6}.Release|Any CPU.Build.0 = Release|Any CPU
		{43D978A0-F580-4FBB-9902-D4837EE7B9FD}.Debug|Any CPU.ActiveCfg = Debug|Any CPU
		{43D978A0-F580-4FBB-9902-D4837EE7B9FD}.Debug|Any CPU.Build.0 = Debug|Any CPU
		{43D978A0-F580-4FBB-9902-D4837EE7B9FD}.Release|Any CPU.ActiveCfg = Release|Any CPU
		{43D978A0-F580-4FBB-9902-D4837EE7B9FD}.Release|Any CPU.Build.0 = Release|Any CPU
	EndGlobalSection
	GlobalSection(SolutionProperties) = preSolution
		HideSolutionNode = FALSE
	EndGlobalSection
	GlobalSection(NestedProjects) = preSolution
		{0B181E10-70A4-4503-BF19-F0D827B72D13} = {7BB9D0C6-7DAC-4970-939D-EC78E30F8EAF}
		{30E69B86-BE0A-44B9-B223-0AFEA883BF68} = {7BB9D0C6-7DAC-4970-939D-EC78E30F8EAF}
		{2BCA3505-F708-4AF3-90A0-77F68A83FBD6} = {7BB9D0C6-7DAC-4970-939D-EC78E30F8EAF}
		{43D978A0-F580-4FBB-9902-D4837EE7B9FD} = {7BB9D0C6-7DAC-4970-939D-EC78E30F8EAF}
	EndGlobalSection
	GlobalSection(ExtensibilityGlobals) = postSolution
		SolutionGuid = {7869B76F-CFDA-45A6-AEB3-5359805CD181}
	EndGlobalSection
EndGlobal
