
Microsoft Visual Studio Solution File, Format Version 12.00
# Visual Studio Version 17
VisualStudioVersion = 17.8.34309.116
MinimumVisualStudioVersion = 10.0.40219.1
Project("{9A19103F-16F7-4668-BE54-9A1E7A4F7556}") = "Feladat_01", "Feladat_01\Feladat_01.csproj", "{AE4A742A-33FC-4AAE-A3BB-1CC3F0CD6312}"
EndProject
Project("{9A19103F-16F7-4668-BE54-9A1E7A4F7556}") = "Custom.Library", "Custom.Library\Custom.Library.csproj", "{9DE77F9A-A317-4D72-8E74-6AAA48D50180}"
EndProject
Project("{9A19103F-16F7-4668-BE54-9A1E7A4F7556}") = "Feladat_02", "Feladat_02\Feladat_02.csproj", "{97F4F2D4-764A-4DED-8B3F-4C71DBF65233}"
EndProject
Project("{9A19103F-16F7-4668-BE54-9A1E7A4F7556}") = "Feladat_03", "Feladat_03\Feladat_03.csproj", "{8E53F6EF-A5B5-458C-97E8-B854AC59D096}"
EndProject
Project("{9A19103F-16F7-4668-BE54-9A1E7A4F7556}") = "Feladat_04", "Feladat_04\Feladat_04.csproj", "{B25D53E5-A264-408D-AD0C-57B03FF7AB8C}"
EndProject
Project("{9A19103F-16F7-4668-BE54-9A1E7A4F7556}") = "Feladat_05", "Feladat_05\Feladat_05.csproj", "{D2FEDE6B-F7A1-49A0-9CDC-07AFEC1E6768}"
EndProject
Project("{9A19103F-16F7-4668-BE54-9A1E7A4F7556}") = "Feladat_06", "Feladat_06\Feladat_06.csproj", "{A657D59D-4D88-4CC1-9257-49C56A43CBCB}"
EndProject
Project("{FAE04EC0-301F-11D3-BF4B-00C04F79EFBC}") = "Feladat_07", "Feladat_07\Feladat_07.csproj", "{A0E534C8-2879-468B-832F-E8FF8E28D60C}"
EndProject
Project("{FAE04EC0-301F-11D3-BF4B-00C04F79EFBC}") = "Feladat_08", "Feladat_08\Feladat_08.csproj", "{78B317A3-86CF-4D65-909B-17DDBF58BF9A}"
EndProject
Global
	GlobalSection(SolutionConfigurationPlatforms) = preSolution
		Debug|Any CPU = Debug|Any CPU
		Release|Any CPU = Release|Any CPU
	EndGlobalSection
	GlobalSection(ProjectConfigurationPlatforms) = postSolution
		{AE4A742A-33FC-4AAE-A3BB-1CC3F0CD6312}.Debug|Any CPU.ActiveCfg = Debug|Any CPU
		{AE4A742A-33FC-4AAE-A3BB-1CC3F0CD6312}.Debug|Any CPU.Build.0 = Debug|Any CPU
		{AE4A742A-33FC-4AAE-A3BB-1CC3F0CD6312}.Release|Any CPU.ActiveCfg = Release|Any CPU
		{AE4A742A-33FC-4AAE-A3BB-1CC3F0CD6312}.Release|Any CPU.Build.0 = Release|Any CPU
		{9DE77F9A-A317-4D72-8E74-6AAA48D50180}.Debug|Any CPU.ActiveCfg = Debug|Any CPU
		{9DE77F9A-A317-4D72-8E74-6AAA48D50180}.Debug|Any CPU.Build.0 = Debug|Any CPU
		{9DE77F9A-A317-4D72-8E74-6AAA48D50180}.Release|Any CPU.ActiveCfg = Release|Any CPU
		{9DE77F9A-A317-4D72-8E74-6AAA48D50180}.Release|Any CPU.Build.0 = Release|Any CPU
		{97F4F2D4-764A-4DED-8B3F-4C71DBF65233}.Debug|Any CPU.ActiveCfg = Debug|Any CPU
		{97F4F2D4-764A-4DED-8B3F-4C71DBF65233}.Debug|Any CPU.Build.0 = Debug|Any CPU
		{97F4F2D4-764A-4DED-8B3F-4C71DBF65233}.Release|Any CPU.ActiveCfg = Release|Any CPU
		{97F4F2D4-764A-4DED-8B3F-4C71DBF65233}.Release|Any CPU.Build.0 = Release|Any CPU
		{8E53F6EF-A5B5-458C-97E8-B854AC59D096}.Debug|Any CPU.ActiveCfg = Debug|Any CPU
		{8E53F6EF-A5B5-458C-97E8-B854AC59D096}.Debug|Any CPU.Build.0 = Debug|Any CPU
		{8E53F6EF-A5B5-458C-97E8-B854AC59D096}.Release|Any CPU.ActiveCfg = Release|Any CPU
		{8E53F6EF-A5B5-458C-97E8-B854AC59D096}.Release|Any CPU.Build.0 = Release|Any CPU
		{B25D53E5-A264-408D-AD0C-57B03FF7AB8C}.Debug|Any CPU.ActiveCfg = Debug|Any CPU
		{B25D53E5-A264-408D-AD0C-57B03FF7AB8C}.Debug|Any CPU.Build.0 = Debug|Any CPU
		{B25D53E5-A264-408D-AD0C-57B03FF7AB8C}.Release|Any CPU.ActiveCfg = Release|Any CPU
		{B25D53E5-A264-408D-AD0C-57B03FF7AB8C}.Release|Any CPU.Build.0 = Release|Any CPU
		{D2FEDE6B-F7A1-49A0-9CDC-07AFEC1E6768}.Debug|Any CPU.ActiveCfg = Debug|Any CPU
		{D2FEDE6B-F7A1-49A0-9CDC-07AFEC1E6768}.Debug|Any CPU.Build.0 = Debug|Any CPU
		{D2FEDE6B-F7A1-49A0-9CDC-07AFEC1E6768}.Release|Any CPU.ActiveCfg = Release|Any CPU
		{D2FEDE6B-F7A1-49A0-9CDC-07AFEC1E6768}.Release|Any CPU.Build.0 = Release|Any CPU
		{A657D59D-4D88-4CC1-9257-49C56A43CBCB}.Debug|Any CPU.ActiveCfg = Debug|Any CPU
		{A657D59D-4D88-4CC1-9257-49C56A43CBCB}.Debug|Any CPU.Build.0 = Debug|Any CPU
		{A657D59D-4D88-4CC1-9257-49C56A43CBCB}.Release|Any CPU.ActiveCfg = Release|Any CPU
		{A657D59D-4D88-4CC1-9257-49C56A43CBCB}.Release|Any CPU.Build.0 = Release|Any CPU
		{A0E534C8-2879-468B-832F-E8FF8E28D60C}.Debug|Any CPU.ActiveCfg = Debug|Any CPU
		{A0E534C8-2879-468B-832F-E8FF8E28D60C}.Debug|Any CPU.Build.0 = Debug|Any CPU
		{A0E534C8-2879-468B-832F-E8FF8E28D60C}.Release|Any CPU.ActiveCfg = Release|Any CPU
		{A0E534C8-2879-468B-832F-E8FF8E28D60C}.Release|Any CPU.Build.0 = Release|Any CPU
		{78B317A3-86CF-4D65-909B-17DDBF58BF9A}.Debug|Any CPU.ActiveCfg = Debug|Any CPU
		{78B317A3-86CF-4D65-909B-17DDBF58BF9A}.Debug|Any CPU.Build.0 = Debug|Any CPU
		{78B317A3-86CF-4D65-909B-17DDBF58BF9A}.Release|Any CPU.ActiveCfg = Release|Any CPU
		{78B317A3-86CF-4D65-909B-17DDBF58BF9A}.Release|Any CPU.Build.0 = Release|Any CPU
	EndGlobalSection
	GlobalSection(SolutionProperties) = preSolution
		HideSolutionNode = FALSE
	EndGlobalSection
	GlobalSection(ExtensibilityGlobals) = postSolution
		SolutionGuid = {298AA4AB-41D6-449D-934C-CB1D56846961}
	EndGlobalSection
EndGlobal
